
Microsoft Visual Studio Solution File, Format Version 12.00
# Visual Studio Version 16
VisualStudioVersion = 16.0.29025.244
MinimumVisualStudioVersion = 10.0.40219.1
Project("{FAE04EC0-301F-11D3-BF4B-00C04F79EFBC}") = "PaymentScreen", "PaymentScreen\PaymentScreen.csproj", "{5CC2271E-2510-459D-B22B-0DAFA449D370}"
EndProject
Global
	GlobalSection(SolutionConfigurationPlatforms) = preSolution
		Debug|Any CPU = Debug|Any CPU
		Release|Any CPU = Release|Any CPU
	EndGlobalSection
	GlobalSection(ProjectConfigurationPlatforms) = postSolution
		{5CC2271E-2510-459D-B22B-0DAFA449D370}.Debug|Any CPU.ActiveCfg = Debug|Any CPU
		{5CC2271E-2510-459D-B22B-0DAFA449D370}.Debug|Any CPU.Build.0 = Debug|Any CPU
		{5CC2271E-2510-459D-B22B-0DAFA449D370}.Release|Any CPU.ActiveCfg = Release|Any CPU
		{5CC2271E-2510-459D-B22B-0DAFA449D370}.Release|Any CPU.Build.0 = Release|Any CPU
	EndGlobalSection
	GlobalSection(SolutionProperties) = preSolution
		HideSolutionNode = FALSE
	EndGlobalSection
	GlobalSection(ExtensibilityGlobals) = postSolution
		SolutionGuid = {BCA618AD-2262-4111-B1FB-B974EEFC04FE}
	EndGlobalSection
EndGlobal
